# THIS IS AN AUTOGENERATED FILE. DO NOT EDIT THIS FILE DIRECTLY.
# yarn lockfile v1


"@hotwired/stimulus@^3.2.2":
  version "3.2.2"
  resolved "https://registry.yarnpkg.com/@hotwired/stimulus/-/stimulus-3.2.2.tgz#071aab59c600fed95b97939e605ff261a4251608"
  integrity sha512-eGeIqNOQpXoPAIP7tC1+1Yc1yl1xnwYqg+3mzqxyrbE5pg5YFBZcA6YoTiByJB6DKAEsiWtl6tjTJS4IYtbB7A==

"@hotwired/turbo-rails@^8.0.5":
  version "8.0.5"
  resolved "https://registry.yarnpkg.com/@hotwired/turbo-rails/-/turbo-rails-8.0.5.tgz#18c2f0e4f7f952307650308590edf5eb9544b0d3"
  integrity sha512-1A9G9u28IRAl0C57z8Ka3AhNPyJdwfOrbjr+ABZk2ZEUw2QO7cJ0pgs77asUj2E/tzn1PgrxrSVu24W+1Q5uBA==
  dependencies:
    "@hotwired/turbo" "^8.0.5"
    "@rails/actioncable" "^7.0"

"@hotwired/turbo@^8.0.5":
  version "8.0.5"
  resolved "https://registry.yarnpkg.com/@hotwired/turbo/-/turbo-8.0.5.tgz#abae6dad018a891e4286e87fa0959217e3866d5a"
  integrity sha512-TdZDA7fxVQ2ZycygvpnzjGPmFq4sO/E2QVg+2em/sJ3YTSsIWVEis8HmWlumz+c9DjWcUkcCuB+muF08TInpAQ==

"@rails/actioncable@^7.0":
  version "7.1.3"
  resolved "https://registry.yarnpkg.com/@rails/actioncable/-/actioncable-7.1.3.tgz#4db480347775aeecd4dde2405659eef74a458881"
  integrity sha512-ojNvnoZtPN0pYvVFtlO7dyEN9Oml1B6IDM+whGKVak69MMYW99lC2NOWXWeE3bmwEydbP/nn6ERcpfjHVjYQjA==

"@remix-run/router@1.19.0":
  version "1.19.0"
  resolved "https://registry.yarnpkg.com/@remix-run/router/-/router-1.19.0.tgz#745dbffbce67f05386d57ca22c51dfd85c979593"
  integrity sha512-zDICCLKEwbVYTS6TjYaWtHXxkdoUvD/QXvyVZjGCsWz5vyH7aFeONlPffPdW+Y/t6KT0MgXb2Mfjun9YpWN1dA==

react-router-dom@^6.26.0:
  version "6.26.0"
  resolved "https://registry.yarnpkg.com/react-router-dom/-/react-router-dom-6.26.0.tgz#8debe13295c58605c04f93018d659a763245e58c"
  integrity sha512-RRGUIiDtLrkX3uYcFiCIxKFWMcWQGMojpYZfcstc63A1+sSnVgILGIm9gNUA6na3Fm1QuPGSBQH2EMbAZOnMsQ==
  dependencies:
    "@remix-run/router" "1.19.0"
    react-router "6.26.0"

react-router@6.26.0:
  version "6.26.0"
  resolved "https://registry.yarnpkg.com/react-router/-/react-router-6.26.0.tgz#d5af4c46835b202348ef2b7ddacd32a2db539fde"
  integrity sha512-wVQq0/iFYd3iZ9H2l3N3k4PL8EEHcb0XlU2Na8nEwmiXgIUElEH6gaJDtUQxJ+JFzmIXaQjfdpcGWaM6IoQGxg==
  dependencies:
    "@remix-run/router" "1.19.0"
