# THIS IS AN AUTOGENERATED FILE. DO NOT EDIT THIS FILE DIRECTLY.
# yarn lockfile v1


"@babel/runtime@^7.20.13", "@babel/runtime@^7.5.5", "@babel/runtime@^7.8.7":
  version "7.25.0"
  resolved "https://registry.yarnpkg.com/@babel/runtime/-/runtime-7.25.0.tgz#3af9a91c1b739c569d5d80cc917280919c544ecb"
  integrity sha512-7dRy4DwXwtzBrPbZflqxnvfxLF8kdZXPkhymtDeFoFqE6ldzjQFgYTtYIFARcLEYDrqfBfYcZt1WqFxRoyC9Rw==
  dependencies:
    regenerator-runtime "^0.14.0"

"@esbuild/aix-ppc64@0.23.0":
  version "0.23.0"
  resolved "https://registry.yarnpkg.com/@esbuild/aix-ppc64/-/aix-ppc64-0.23.0.tgz#145b74d5e4a5223489cabdc238d8dad902df5259"
  integrity sha512-3sG8Zwa5fMcA9bgqB8AfWPQ+HFke6uD3h1s3RIwUNK8EG7a4buxvuFTs3j1IMs2NXAk9F30C/FF4vxRgQCcmoQ==

"@esbuild/android-arm64@0.23.0":
  version "0.23.0"
  resolved "https://registry.yarnpkg.com/@esbuild/android-arm64/-/android-arm64-0.23.0.tgz#453bbe079fc8d364d4c5545069e8260228559832"
  integrity sha512-EuHFUYkAVfU4qBdyivULuu03FhJO4IJN9PGuABGrFy4vUuzk91P2d+npxHcFdpUnfYKy0PuV+n6bKIpHOB3prQ==

"@esbuild/android-arm@0.23.0":
  version "0.23.0"
  resolved "https://registry.yarnpkg.com/@esbuild/android-arm/-/android-arm-0.23.0.tgz#26c806853aa4a4f7e683e519cd9d68e201ebcf99"
  integrity sha512-+KuOHTKKyIKgEEqKbGTK8W7mPp+hKinbMBeEnNzjJGyFcWsfrXjSTNluJHCY1RqhxFurdD8uNXQDei7qDlR6+g==

"@esbuild/android-x64@0.23.0":
  version "0.23.0"
  resolved "https://registry.yarnpkg.com/@esbuild/android-x64/-/android-x64-0.23.0.tgz#1e51af9a6ac1f7143769f7ee58df5b274ed202e6"
  integrity sha512-WRrmKidLoKDl56LsbBMhzTTBxrsVwTKdNbKDalbEZr0tcsBgCLbEtoNthOW6PX942YiYq8HzEnb4yWQMLQuipQ==

"@esbuild/darwin-arm64@0.23.0":
  version "0.23.0"
  resolved "https://registry.yarnpkg.com/@esbuild/darwin-arm64/-/darwin-arm64-0.23.0.tgz#d996187a606c9534173ebd78c58098a44dd7ef9e"
  integrity sha512-YLntie/IdS31H54Ogdn+v50NuoWF5BDkEUFpiOChVa9UnKpftgwzZRrI4J132ETIi+D8n6xh9IviFV3eXdxfow==

"@esbuild/darwin-x64@0.23.0":
  version "0.23.0"
  resolved "https://registry.yarnpkg.com/@esbuild/darwin-x64/-/darwin-x64-0.23.0.tgz#30c8f28a7ef4e32fe46501434ebe6b0912e9e86c"
  integrity sha512-IMQ6eme4AfznElesHUPDZ+teuGwoRmVuuixu7sv92ZkdQcPbsNHzutd+rAfaBKo8YK3IrBEi9SLLKWJdEvJniQ==

"@esbuild/freebsd-arm64@0.23.0":
  version "0.23.0"
  resolved "https://registry.yarnpkg.com/@esbuild/freebsd-arm64/-/freebsd-arm64-0.23.0.tgz#30f4fcec8167c08a6e8af9fc14b66152232e7fb4"
  integrity sha512-0muYWCng5vqaxobq6LB3YNtevDFSAZGlgtLoAc81PjUfiFz36n4KMpwhtAd4he8ToSI3TGyuhyx5xmiWNYZFyw==

"@esbuild/freebsd-x64@0.23.0":
  version "0.23.0"
  resolved "https://registry.yarnpkg.com/@esbuild/freebsd-x64/-/freebsd-x64-0.23.0.tgz#1003a6668fe1f5d4439e6813e5b09a92981bc79d"
  integrity sha512-XKDVu8IsD0/q3foBzsXGt/KjD/yTKBCIwOHE1XwiXmrRwrX6Hbnd5Eqn/WvDekddK21tfszBSrE/WMaZh+1buQ==

"@esbuild/linux-arm64@0.23.0":
  version "0.23.0"
  resolved "https://registry.yarnpkg.com/@esbuild/linux-arm64/-/linux-arm64-0.23.0.tgz#3b9a56abfb1410bb6c9138790f062587df3e6e3a"
  integrity sha512-j1t5iG8jE7BhonbsEg5d9qOYcVZv/Rv6tghaXM/Ug9xahM0nX/H2gfu6X6z11QRTMT6+aywOMA8TDkhPo8aCGw==

"@esbuild/linux-arm@0.23.0":
  version "0.23.0"
  resolved "https://registry.yarnpkg.com/@esbuild/linux-arm/-/linux-arm-0.23.0.tgz#237a8548e3da2c48cd79ae339a588f03d1889aad"
  integrity sha512-SEELSTEtOFu5LPykzA395Mc+54RMg1EUgXP+iw2SJ72+ooMwVsgfuwXo5Fn0wXNgWZsTVHwY2cg4Vi/bOD88qw==

"@esbuild/linux-ia32@0.23.0":
  version "0.23.0"
  resolved "https://registry.yarnpkg.com/@esbuild/linux-ia32/-/linux-ia32-0.23.0.tgz#4269cd19cb2de5de03a7ccfc8855dde3d284a238"
  integrity sha512-P7O5Tkh2NbgIm2R6x1zGJJsnacDzTFcRWZyTTMgFdVit6E98LTxO+v8LCCLWRvPrjdzXHx9FEOA8oAZPyApWUA==

"@esbuild/linux-loong64@0.23.0":
  version "0.23.0"
  resolved "https://registry.yarnpkg.com/@esbuild/linux-loong64/-/linux-loong64-0.23.0.tgz#82b568f5658a52580827cc891cb69d2cb4f86280"
  integrity sha512-InQwepswq6urikQiIC/kkx412fqUZudBO4SYKu0N+tGhXRWUqAx+Q+341tFV6QdBifpjYgUndV1hhMq3WeJi7A==

"@esbuild/linux-mips64el@0.23.0":
  version "0.23.0"
  resolved "https://registry.yarnpkg.com/@esbuild/linux-mips64el/-/linux-mips64el-0.23.0.tgz#9a57386c926262ae9861c929a6023ed9d43f73e5"
  integrity sha512-J9rflLtqdYrxHv2FqXE2i1ELgNjT+JFURt/uDMoPQLcjWQA5wDKgQA4t/dTqGa88ZVECKaD0TctwsUfHbVoi4w==

"@esbuild/linux-ppc64@0.23.0":
  version "0.23.0"
  resolved "https://registry.yarnpkg.com/@esbuild/linux-ppc64/-/linux-ppc64-0.23.0.tgz#f3a79fd636ba0c82285d227eb20ed8e31b4444f6"
  integrity sha512-cShCXtEOVc5GxU0fM+dsFD10qZ5UpcQ8AM22bYj0u/yaAykWnqXJDpd77ublcX6vdDsWLuweeuSNZk4yUxZwtw==

"@esbuild/linux-riscv64@0.23.0":
  version "0.23.0"
  resolved "https://registry.yarnpkg.com/@esbuild/linux-riscv64/-/linux-riscv64-0.23.0.tgz#f9d2ef8356ce6ce140f76029680558126b74c780"
  integrity sha512-HEtaN7Y5UB4tZPeQmgz/UhzoEyYftbMXrBCUjINGjh3uil+rB/QzzpMshz3cNUxqXN7Vr93zzVtpIDL99t9aRw==

"@esbuild/linux-s390x@0.23.0":
  version "0.23.0"
  resolved "https://registry.yarnpkg.com/@esbuild/linux-s390x/-/linux-s390x-0.23.0.tgz#45390f12e802201f38a0229e216a6aed4351dfe8"
  integrity sha512-WDi3+NVAuyjg/Wxi+o5KPqRbZY0QhI9TjrEEm+8dmpY9Xir8+HE/HNx2JoLckhKbFopW0RdO2D72w8trZOV+Wg==

"@esbuild/linux-x64@0.23.0":
  version "0.23.0"
  resolved "https://registry.yarnpkg.com/@esbuild/linux-x64/-/linux-x64-0.23.0.tgz#c8409761996e3f6db29abcf9b05bee8d7d80e910"
  integrity sha512-a3pMQhUEJkITgAw6e0bWA+F+vFtCciMjW/LPtoj99MhVt+Mfb6bbL9hu2wmTZgNd994qTAEw+U/r6k3qHWWaOQ==

"@esbuild/netbsd-x64@0.23.0":
  version "0.23.0"
  resolved "https://registry.yarnpkg.com/@esbuild/netbsd-x64/-/netbsd-x64-0.23.0.tgz#ba70db0114380d5f6cfb9003f1d378ce989cd65c"
  integrity sha512-cRK+YDem7lFTs2Q5nEv/HHc4LnrfBCbH5+JHu6wm2eP+d8OZNoSMYgPZJq78vqQ9g+9+nMuIsAO7skzphRXHyw==

"@esbuild/openbsd-arm64@0.23.0":
  version "0.23.0"
  resolved "https://registry.yarnpkg.com/@esbuild/openbsd-arm64/-/openbsd-arm64-0.23.0.tgz#72fc55f0b189f7a882e3cf23f332370d69dfd5db"
  integrity sha512-suXjq53gERueVWu0OKxzWqk7NxiUWSUlrxoZK7usiF50C6ipColGR5qie2496iKGYNLhDZkPxBI3erbnYkU0rQ==

"@esbuild/openbsd-x64@0.23.0":
  version "0.23.0"
  resolved "https://registry.yarnpkg.com/@esbuild/openbsd-x64/-/openbsd-x64-0.23.0.tgz#b6ae7a0911c18fe30da3db1d6d17a497a550e5d8"
  integrity sha512-6p3nHpby0DM/v15IFKMjAaayFhqnXV52aEmv1whZHX56pdkK+MEaLoQWj+H42ssFarP1PcomVhbsR4pkz09qBg==

"@esbuild/sunos-x64@0.23.0":
  version "0.23.0"
  resolved "https://registry.yarnpkg.com/@esbuild/sunos-x64/-/sunos-x64-0.23.0.tgz#58f0d5e55b9b21a086bfafaa29f62a3eb3470ad8"
  integrity sha512-BFelBGfrBwk6LVrmFzCq1u1dZbG4zy/Kp93w2+y83Q5UGYF1d8sCzeLI9NXjKyujjBBniQa8R8PzLFAUrSM9OA==

"@esbuild/win32-arm64@0.23.0":
  version "0.23.0"
  resolved "https://registry.yarnpkg.com/@esbuild/win32-arm64/-/win32-arm64-0.23.0.tgz#b858b2432edfad62e945d5c7c9e5ddd0f528ca6d"
  integrity sha512-lY6AC8p4Cnb7xYHuIxQ6iYPe6MfO2CC43XXKo9nBXDb35krYt7KGhQnOkRGar5psxYkircpCqfbNDB4uJbS2jQ==

"@esbuild/win32-ia32@0.23.0":
  version "0.23.0"
  resolved "https://registry.yarnpkg.com/@esbuild/win32-ia32/-/win32-ia32-0.23.0.tgz#167ef6ca22a476c6c0c014a58b4f43ae4b80dec7"
  integrity sha512-7L1bHlOTcO4ByvI7OXVI5pNN6HSu6pUQq9yodga8izeuB1KcT2UkHaH6118QJwopExPn0rMHIseCTx1CRo/uNA==

"@esbuild/win32-x64@0.23.0":
  version "0.23.0"
  resolved "https://registry.yarnpkg.com/@esbuild/win32-x64/-/win32-x64-0.23.0.tgz#db44a6a08520b5f25bbe409f34a59f2d4bcc7ced"
  integrity sha512-Arm+WgUFLUATuoxCJcahGuk6Yj9Pzxd6l11Zb/2aAuv5kWWvvfhLFo2fni4uSK5vzlUdCGZ/BdV5tH8klj8p8g==

"@floating-ui/core@^1.6.0":
  version "1.6.5"
  resolved "https://registry.yarnpkg.com/@floating-ui/core/-/core-1.6.5.tgz#102335cac0d22035b04d70ca5ff092d2d1a26f2b"
  integrity sha512-8GrTWmoFhm5BsMZOTHeGD2/0FLKLQQHvO/ZmQga4tKempYRLz8aqJGqXVuQgisnMObq2YZ2SgkwctN1LOOxcqA==
  dependencies:
    "@floating-ui/utils" "^0.2.5"

"@floating-ui/dom@^1.0.0":
  version "1.6.8"
  resolved "https://registry.yarnpkg.com/@floating-ui/dom/-/dom-1.6.8.tgz#45e20532b6d8a061b356a4fb336022cf2609754d"
  integrity sha512-kx62rP19VZ767Q653wsP1XZCGIirkE09E0QUGNYTM/ttbbQHqcGPdSfWFxUyyNLc/W6aoJRBajOSXhP6GXjC0Q==
  dependencies:
    "@floating-ui/core" "^1.6.0"
    "@floating-ui/utils" "^0.2.5"

"@floating-ui/react-dom@^2.1.1":
  version "2.1.1"
  resolved "https://registry.yarnpkg.com/@floating-ui/react-dom/-/react-dom-2.1.1.tgz#cca58b6b04fc92b4c39288252e285e0422291fb0"
  integrity sha512-4h84MJt3CHrtG18mGsXuLCHMrug49d7DFkU0RMIyshRveBeyV2hmV/pDaF2Uxtu8kgq5r46llp5E5FQiR0K2Yg==
  dependencies:
    "@floating-ui/dom" "^1.0.0"

"@floating-ui/react@^0.26.9":
  version "0.26.20"
  resolved "https://registry.yarnpkg.com/@floating-ui/react/-/react-0.26.20.tgz#49ae23347666626db8671c2aa2df469bbec7db71"
  integrity sha512-RixKJJG92fcIsVoqrFr4Onpzh7hlOx4U7NV4aLhMLmtvjZ5oTB/WzXaANYUZATKqXvvW7t9sCxtzejip26N5Ag==
  dependencies:
    "@floating-ui/react-dom" "^2.1.1"
    "@floating-ui/utils" "^0.2.5"
    tabbable "^6.0.0"

"@floating-ui/utils@^0.2.5":
  version "0.2.5"
  resolved "https://registry.yarnpkg.com/@floating-ui/utils/-/utils-0.2.5.tgz#105c37d9d9620ce69b7f692a20c821bf1ad2cbf9"
  integrity sha512-sTcG+QZ6fdEUObICavU+aB3Mp8HY4n14wYHdxK4fXjPmv3PXZZeY5RaguJmGyeH/CJQhX3fqKUtS4qc1LoHwhQ==

"@hotwired/stimulus@^3.2.2":
  version "3.2.2"
  resolved "https://registry.yarnpkg.com/@hotwired/stimulus/-/stimulus-3.2.2.tgz#071aab59c600fed95b97939e605ff261a4251608"
  integrity sha512-eGeIqNOQpXoPAIP7tC1+1Yc1yl1xnwYqg+3mzqxyrbE5pg5YFBZcA6YoTiByJB6DKAEsiWtl6tjTJS4IYtbB7A==

"@hotwired/turbo-rails@^8.0.5":
  version "8.0.5"
  resolved "https://registry.yarnpkg.com/@hotwired/turbo-rails/-/turbo-rails-8.0.5.tgz#18c2f0e4f7f952307650308590edf5eb9544b0d3"
  integrity sha512-1A9G9u28IRAl0C57z8Ka3AhNPyJdwfOrbjr+ABZk2ZEUw2QO7cJ0pgs77asUj2E/tzn1PgrxrSVu24W+1Q5uBA==
  dependencies:
    "@hotwired/turbo" "^8.0.5"
    "@rails/actioncable" "^7.0"

"@hotwired/turbo@^8.0.5":
  version "8.0.5"
  resolved "https://registry.yarnpkg.com/@hotwired/turbo/-/turbo-8.0.5.tgz#abae6dad018a891e4286e87fa0959217e3866d5a"
  integrity sha512-TdZDA7fxVQ2ZycygvpnzjGPmFq4sO/E2QVg+2em/sJ3YTSsIWVEis8HmWlumz+c9DjWcUkcCuB+muF08TInpAQ==

"@mantine/charts@^7.11.2":
  version "7.11.2"
  resolved "https://registry.yarnpkg.com/@mantine/charts/-/charts-7.11.2.tgz#b3d7356a918e0b4d76222d90f3c5d0be9c76f6d3"
  integrity sha512-iCmE2pTkUYsha/EWQoa9RZongmCGREaPOZqcqX47JBidgOdveyDYC+wMXsODc+buIofLUSfA6cLnjxPNgJzQGA==

"@mantine/core@^7.11.2":
  version "7.11.2"
  resolved "https://registry.yarnpkg.com/@mantine/core/-/core-7.11.2.tgz#489e629068b4a161091b3d8d599ac28363f8cf5a"
  integrity sha512-T64RjdgY8UPAv249miW1lQyPPot1JbCcKKsAZMNQHgcttcxLhrFpKVvglc4/48hdSoxI4LYJPNvqp7zciZmucQ==
  dependencies:
    "@floating-ui/react" "^0.26.9"
    clsx "^2.1.1"
    react-number-format "^5.3.1"
    react-remove-scroll "^2.5.7"
    react-textarea-autosize "8.5.3"
    type-fest "^4.12.0"

"@mantine/dates@^7.11.2":
  version "7.11.2"
  resolved "https://registry.yarnpkg.com/@mantine/dates/-/dates-7.11.2.tgz#d639533c7f0e34f49ba909f6a0e6f61f9b5c0b6c"
  integrity sha512-BEZs949EvfIG1fRNsEpcB0YqSe53z/KObwHyBwiqFjFHJ2eFPVMpxw6Rpy1Bud0/FZRV+QBokebxaf6+2tbCCw==
  dependencies:
    clsx "^2.1.1"

"@mantine/dropzone@^7.11.2":
  version "7.11.2"
  resolved "https://registry.yarnpkg.com/@mantine/dropzone/-/dropzone-7.11.2.tgz#c796c5773b338d776346b58fe6b09175a6c0cfd8"
  integrity sha512-/X29ym1uM1ca7ZMLVSSxm9KBbDNIpXBwZbzNIpopH0hxjbo2bSpPTbNUVB3EjRAVWDx9RGlyNxQV2jkhCos7QQ==
  dependencies:
    react-dropzone-esm "15.0.1"

"@mantine/form@^7.11.2":
  version "7.11.2"
  resolved "https://registry.yarnpkg.com/@mantine/form/-/form-7.11.2.tgz#a050d8a2d1d351932904862d61470ec432a90597"
  integrity sha512-NRY4HDgcArDEP+wUaHITnoVh0Ce3rM3Blo9fLNj2VYO8k7AfuSWp+fQdqrjDI0k9wGU3YEj4/dbwOjKbtXEhxw==
  dependencies:
    fast-deep-equal "^3.1.3"
    klona "^2.0.6"

"@mantine/hooks@^7.11.2":
  version "7.11.2"
  resolved "https://registry.yarnpkg.com/@mantine/hooks/-/hooks-7.11.2.tgz#5629dff7ae7253f94e819c26b3b1adf97e68fd48"
  integrity sha512-jhyVe/sbDEG2U8rr2lMecUPgQxcfr5hh9HazqGfkS7ZRIMDO7uJ947yAcTMGGkp5Lxtt5TBFt1Cb6tiB2/1agg==

"@mantine/modals@^7.11.2":
  version "7.11.2"
  resolved "https://registry.yarnpkg.com/@mantine/modals/-/modals-7.11.2.tgz#ff09236ef6fc09a2c243e45fa8073ff9ea85b40b"
  integrity sha512-AsVyGP5+F9jkQdQ9J0qzaK8q7n9bPcpswAjScpzIgEfUBC4RCvf63bmh9Yp1OEgxl1xkNdzGUYGVau0SQqHasA==

"@rails/actioncable@^7.0":
  version "7.1.3"
  resolved "https://registry.yarnpkg.com/@rails/actioncable/-/actioncable-7.1.3.tgz#4db480347775aeecd4dde2405659eef74a458881"
  integrity sha512-ojNvnoZtPN0pYvVFtlO7dyEN9Oml1B6IDM+whGKVak69MMYW99lC2NOWXWeE3bmwEydbP/nn6ERcpfjHVjYQjA==

"@remix-run/router@1.19.0":
  version "1.19.0"
  resolved "https://registry.yarnpkg.com/@remix-run/router/-/router-1.19.0.tgz#745dbffbce67f05386d57ca22c51dfd85c979593"
  integrity sha512-zDICCLKEwbVYTS6TjYaWtHXxkdoUvD/QXvyVZjGCsWz5vyH7aFeONlPffPdW+Y/t6KT0MgXb2Mfjun9YpWN1dA==

"@tabler/icons-react@^3.12.0":
  version "3.12.0"
  resolved "https://registry.yarnpkg.com/@tabler/icons-react/-/icons-react-3.12.0.tgz#6ece4dccd76c0eb0dde34dc4f0cf7330d64d653a"
  integrity sha512-RnJl3HrCqInuC8JJEUxWuYP4OFNYnY2EUtBqZFSpYatPKY3AnvJBIrShJLHf3fiLPpo6xEYAIoB7Qow93JX0fQ==
  dependencies:
    "@tabler/icons" "3.12.0"

"@tabler/icons@3.12.0":
  version "3.12.0"
  resolved "https://registry.yarnpkg.com/@tabler/icons/-/icons-3.12.0.tgz#6de75d6aa7568dc0a9d48f79837f8d4f266af540"
  integrity sha512-Im37ar/mQkqLb6XUXsU7nOc4/66VB9/3KLuZ+6tUsJKHHNLaDUkYfCTNG3pnGDI03laByxVf5+umSNK2yPTx8A==

"@types/d3-array@^3.0.3":
  version "3.2.1"
  resolved "https://registry.yarnpkg.com/@types/d3-array/-/d3-array-3.2.1.tgz#1f6658e3d2006c4fceac53fde464166859f8b8c5"
  integrity sha512-Y2Jn2idRrLzUfAKV2LyRImR+y4oa2AntrgID95SHJxuMUrkNXmanDSed71sRNZysveJVt1hLLemQZIady0FpEg==

"@types/d3-color@*":
  version "3.1.3"
  resolved "https://registry.yarnpkg.com/@types/d3-color/-/d3-color-3.1.3.tgz#368c961a18de721da8200e80bf3943fb53136af2"
  integrity sha512-iO90scth9WAbmgv7ogoq57O9YpKmFBbmoEoCHDB2xMBY0+/KVrqAaCDyCE16dUspeOvIxFFRI+0sEtqDqy2b4A==

"@types/d3-ease@^3.0.0":
  version "3.0.2"
  resolved "https://registry.yarnpkg.com/@types/d3-ease/-/d3-ease-3.0.2.tgz#e28db1bfbfa617076f7770dd1d9a48eaa3b6c51b"
  integrity sha512-NcV1JjO5oDzoK26oMzbILE6HW7uVXOHLQvHshBUW4UMdZGfiY6v5BeQwh9a9tCzv+CeefZQHJt5SRgK154RtiA==

"@types/d3-interpolate@^3.0.1":
  version "3.0.4"
  resolved "https://registry.yarnpkg.com/@types/d3-interpolate/-/d3-interpolate-3.0.4.tgz#412b90e84870285f2ff8a846c6eb60344f12a41c"
  integrity sha512-mgLPETlrpVV1YRJIglr4Ez47g7Yxjl1lj7YKsiMCb27VJH9W8NVM6Bb9d8kkpG/uAQS5AmbA48q2IAolKKo1MA==
  dependencies:
    "@types/d3-color" "*"

"@types/d3-path@*":
  version "3.1.0"
  resolved "https://registry.yarnpkg.com/@types/d3-path/-/d3-path-3.1.0.tgz#2b907adce762a78e98828f0b438eaca339ae410a"
  integrity sha512-P2dlU/q51fkOc/Gfl3Ul9kicV7l+ra934qBFXCFhrZMOL6du1TM0pm1ThYvENukyOn5h9v+yMJ9Fn5JK4QozrQ==

"@types/d3-scale@^4.0.2":
  version "4.0.8"
  resolved "https://registry.yarnpkg.com/@types/d3-scale/-/d3-scale-4.0.8.tgz#d409b5f9dcf63074464bf8ddfb8ee5a1f95945bb"
  integrity sha512-gkK1VVTr5iNiYJ7vWDI+yUFFlszhNMtVeneJ6lUTKPjprsvLLI9/tgEGiXJOnlINJA8FyA88gfnQsHbybVZrYQ==
  dependencies:
    "@types/d3-time" "*"

"@types/d3-shape@^3.1.0":
  version "3.1.6"
  resolved "https://registry.yarnpkg.com/@types/d3-shape/-/d3-shape-3.1.6.tgz#65d40d5a548f0a023821773e39012805e6e31a72"
  integrity sha512-5KKk5aKGu2I+O6SONMYSNflgiP0WfZIQvVUMan50wHsLG1G94JlxEVnCpQARfTtzytuY0p/9PXXZb3I7giofIA==
  dependencies:
    "@types/d3-path" "*"

"@types/d3-time@*", "@types/d3-time@^3.0.0":
  version "3.0.3"
  resolved "https://registry.yarnpkg.com/@types/d3-time/-/d3-time-3.0.3.tgz#3c186bbd9d12b9d84253b6be6487ca56b54f88be"
  integrity sha512-2p6olUZ4w3s+07q3Tm2dbiMZy5pCDfYwtLXXHUnVzXgQlZ/OyPtUz6OL382BkOuGlLXqfT+wqv8Fw2v8/0geBw==

"@types/d3-timer@^3.0.0":
  version "3.0.2"
  resolved "https://registry.yarnpkg.com/@types/d3-timer/-/d3-timer-3.0.2.tgz#70bbda77dc23aa727413e22e214afa3f0e852f70"
  integrity sha512-Ps3T8E8dZDam6fUyNiMkekK3XUsaUEik+idO9/YjPtfj2qruF8tFBXS7XhtE4iIXBLxhmLjP3SXpLhVf21I9Lw==

clsx@^2.0.0, clsx@^2.1.1:
  version "2.1.1"
  resolved "https://registry.yarnpkg.com/clsx/-/clsx-2.1.1.tgz#eed397c9fd8bd882bfb18deab7102049a2f32999"
  integrity sha512-eYm0QWBtUrBWZWG0d386OGAw16Z995PiOVo2B7bjWSbHedGl5e0ZWaq65kOGgUSNesEIDkB9ISbTg/JK9dhCZA==

csstype@^3.0.2:
  version "3.1.3"
  resolved "https://registry.yarnpkg.com/csstype/-/csstype-3.1.3.tgz#d80ff294d114fb0e6ac500fbf85b60137d7eff81"
  integrity sha512-M1uQkMl8rQK/szD0LNhtqxIPLpimGm8sOBwU7lLnCpSbTyY3yeU1Vc7l4KT5zT4s/yOxHH5O7tIuuLOCnLADRw==

"d3-array@2 - 3", "d3-array@2.10.0 - 3", d3-array@^3.1.6:
  version "3.2.4"
  resolved "https://registry.yarnpkg.com/d3-array/-/d3-array-3.2.4.tgz#15fec33b237f97ac5d7c986dc77da273a8ed0bb5"
  integrity sha512-tdQAmyA18i4J7wprpYq8ClcxZy3SC31QMeByyCFyRt7BVHdREQZ5lpzoe5mFEYZUWe+oq8HBvk9JjpibyEV4Jg==
  dependencies:
    internmap "1 - 2"

"d3-color@1 - 3":
  version "3.1.0"
  resolved "https://registry.yarnpkg.com/d3-color/-/d3-color-3.1.0.tgz#395b2833dfac71507f12ac2f7af23bf819de24e2"
  integrity sha512-zg/chbXyeBtMQ1LbD/WSoW2DpC3I0mpmPdW+ynRTj/x2DAWYrIY7qeZIHidozwV24m4iavr15lNwIwLxRmOxhA==

d3-ease@^3.0.1:
  version "3.0.1"
  resolved "https://registry.yarnpkg.com/d3-ease/-/d3-ease-3.0.1.tgz#9658ac38a2140d59d346160f1f6c30fda0bd12f4"
  integrity sha512-wR/XK3D3XcLIZwpbvQwQ5fK+8Ykds1ip7A2Txe0yxncXSdq1L9skcG7blcedkOX+ZcgxGAmLX1FrRGbADwzi0w==

"d3-format@1 - 3":
  version "3.1.0"
  resolved "https://registry.yarnpkg.com/d3-format/-/d3-format-3.1.0.tgz#9260e23a28ea5cb109e93b21a06e24e2ebd55641"
  integrity sha512-YyUI6AEuY/Wpt8KWLgZHsIU86atmikuoOmCfommt0LYHiQSPjvX2AcFc38PX0CBpr2RCyZhjex+NS/LPOv6YqA==

"d3-interpolate@1.2.0 - 3", d3-interpolate@^3.0.1:
  version "3.0.1"
  resolved "https://registry.yarnpkg.com/d3-interpolate/-/d3-interpolate-3.0.1.tgz#3c47aa5b32c5b3dfb56ef3fd4342078a632b400d"
  integrity sha512-3bYs1rOD33uo8aqJfKP3JWPAibgw8Zm2+L9vBKEHJ2Rg+viTR7o5Mmv5mZcieN+FRYaAOWX5SJATX6k1PWz72g==
  dependencies:
    d3-color "1 - 3"

d3-path@^3.1.0:
  version "3.1.0"
  resolved "https://registry.yarnpkg.com/d3-path/-/d3-path-3.1.0.tgz#22df939032fb5a71ae8b1800d61ddb7851c42526"
  integrity sha512-p3KP5HCf/bvjBSSKuXid6Zqijx7wIfNW+J/maPs+iwR35at5JCbLUT0LzF1cnjbCHWhqzQTIN2Jpe8pRebIEFQ==

d3-scale@^4.0.2:
  version "4.0.2"
  resolved "https://registry.yarnpkg.com/d3-scale/-/d3-scale-4.0.2.tgz#82b38e8e8ff7080764f8dcec77bd4be393689396"
  integrity sha512-GZW464g1SH7ag3Y7hXjf8RoUuAFIqklOAq3MRl4OaWabTFJY9PN/E1YklhXLh+OQ3fM9yS2nOkCoS+WLZ6kvxQ==
  dependencies:
    d3-array "2.10.0 - 3"
    d3-format "1 - 3"
    d3-interpolate "1.2.0 - 3"
    d3-time "2.1.1 - 3"
    d3-time-format "2 - 4"

d3-shape@^3.1.0:
  version "3.2.0"
  resolved "https://registry.yarnpkg.com/d3-shape/-/d3-shape-3.2.0.tgz#a1a839cbd9ba45f28674c69d7f855bcf91dfc6a5"
  integrity sha512-SaLBuwGm3MOViRq2ABk3eLoxwZELpH6zhl3FbAoJ7Vm1gofKx6El1Ib5z23NUEhF9AsGl7y+dzLe5Cw2AArGTA==
  dependencies:
    d3-path "^3.1.0"

"d3-time-format@2 - 4":
  version "4.1.0"
  resolved "https://registry.yarnpkg.com/d3-time-format/-/d3-time-format-4.1.0.tgz#7ab5257a5041d11ecb4fe70a5c7d16a195bb408a"
  integrity sha512-dJxPBlzC7NugB2PDLwo9Q8JiTR3M3e4/XANkreKSUxF8vvXKqm1Yfq4Q5dl8budlunRVlUUaDUgFt7eA8D6NLg==
  dependencies:
    d3-time "1 - 3"

"d3-time@1 - 3", "d3-time@2.1.1 - 3", d3-time@^3.0.0:
  version "3.1.0"
  resolved "https://registry.yarnpkg.com/d3-time/-/d3-time-3.1.0.tgz#9310db56e992e3c0175e1ef385e545e48a9bb5c7"
  integrity sha512-VqKjzBLejbSMT4IgbmVgDjpkYrNWUYJnbCGo874u7MMKIWsILRX+OpX/gTk8MqjpT1A/c6HY2dCA77ZN0lkQ2Q==
  dependencies:
    d3-array "2 - 3"

d3-timer@^3.0.1:
  version "3.0.1"
  resolved "https://registry.yarnpkg.com/d3-timer/-/d3-timer-3.0.1.tgz#6284d2a2708285b1abb7e201eda4380af35e63b0"
  integrity sha512-ndfJ/JxxMd3nw31uyKoY2naivF+r29V+Lc0svZxe1JvvIRmi8hUsrMvdOwgS1o6uBHmiz91geQ0ylPP0aj1VUA==

dayjs@^1.11.12:
  version "1.11.12"
  resolved "https://registry.yarnpkg.com/dayjs/-/dayjs-1.11.12.tgz#5245226cc7f40a15bf52e0b99fd2a04669ccac1d"
  integrity sha512-Rt2g+nTbLlDWZTwwrIXjy9MeiZmSDI375FvZs72ngxx8PDC6YXOeR3q5LAuPzjZQxhiWdRKac7RKV+YyQYfYIg==

decimal.js-light@^2.4.1:
  version "2.5.1"
  resolved "https://registry.yarnpkg.com/decimal.js-light/-/decimal.js-light-2.5.1.tgz#134fd32508f19e208f4fb2f8dac0d2626a867934"
  integrity sha512-qIMFpTMZmny+MMIitAB6D7iVPEorVw6YQRWkvarTkT4tBeSLLiHzcwj6q0MmYSFCiVpiqPJTJEYIrpcPzVEIvg==

detect-node-es@^1.1.0:
  version "1.1.0"
  resolved "https://registry.yarnpkg.com/detect-node-es/-/detect-node-es-1.1.0.tgz#163acdf643330caa0b4cd7c21e7ee7755d6fa493"
  integrity sha512-ypdmJU/TbBby2Dxibuv7ZLW3Bs1QEmM7nHjEANfohJLvE0XVujisn1qPJcZxg+qDucsr+bP6fLD1rPS3AhJ7EQ==

dom-helpers@^5.0.1:
  version "5.2.1"
  resolved "https://registry.yarnpkg.com/dom-helpers/-/dom-helpers-5.2.1.tgz#d9400536b2bf8225ad98fe052e029451ac40e902"
  integrity sha512-nRCa7CK3VTrM2NmGkIy4cbK7IZlgBE/PYMn55rrXefr5xXDP0LdtfPnblFDoVdcAfslJ7or6iqAUnx0CCGIWQA==
  dependencies:
    "@babel/runtime" "^7.8.7"
    csstype "^3.0.2"

esbuild@^0.23.0:
  version "0.23.0"
  resolved "https://registry.yarnpkg.com/esbuild/-/esbuild-0.23.0.tgz#de06002d48424d9fdb7eb52dbe8e95927f852599"
  integrity sha512-1lvV17H2bMYda/WaFb2jLPeHU3zml2k4/yagNMG8Q/YtfMjCwEUZa2eXXMgZTVSL5q1n4H7sQ0X6CdJDqqeCFA==
  optionalDependencies:
    "@esbuild/aix-ppc64" "0.23.0"
    "@esbuild/android-arm" "0.23.0"
    "@esbuild/android-arm64" "0.23.0"
    "@esbuild/android-x64" "0.23.0"
    "@esbuild/darwin-arm64" "0.23.0"
    "@esbuild/darwin-x64" "0.23.0"
    "@esbuild/freebsd-arm64" "0.23.0"
    "@esbuild/freebsd-x64" "0.23.0"
    "@esbuild/linux-arm" "0.23.0"
    "@esbuild/linux-arm64" "0.23.0"
    "@esbuild/linux-ia32" "0.23.0"
    "@esbuild/linux-loong64" "0.23.0"
    "@esbuild/linux-mips64el" "0.23.0"
    "@esbuild/linux-ppc64" "0.23.0"
    "@esbuild/linux-riscv64" "0.23.0"
    "@esbuild/linux-s390x" "0.23.0"
    "@esbuild/linux-x64" "0.23.0"
    "@esbuild/netbsd-x64" "0.23.0"
    "@esbuild/openbsd-arm64" "0.23.0"
    "@esbuild/openbsd-x64" "0.23.0"
    "@esbuild/sunos-x64" "0.23.0"
    "@esbuild/win32-arm64" "0.23.0"
    "@esbuild/win32-ia32" "0.23.0"
    "@esbuild/win32-x64" "0.23.0"

eventemitter3@^4.0.1:
  version "4.0.7"
  resolved "https://registry.yarnpkg.com/eventemitter3/-/eventemitter3-4.0.7.tgz#2de9b68f6528d5644ef5c59526a1b4a07306169f"
  integrity sha512-8guHBZCwKnFhYdHr2ysuRWErTwhoN2X8XELRlrRwpmfeY2jjuUN4taQMsULKUVo1K4DvZl+0pgfyoysHxvmvEw==

fast-deep-equal@^3.1.3:
  version "3.1.3"
  resolved "https://registry.yarnpkg.com/fast-deep-equal/-/fast-deep-equal-3.1.3.tgz#3a7d56b559d6cbc3eb512325244e619a65c6c525"
  integrity sha512-f3qQ9oQy9j2AhBe/H9VC91wLmKBCCU/gDOnKNAYG5hswO7BLKj09Hc5HYNz9cGI++xlpDCIgDaitVs03ATR84Q==

fast-equals@^5.0.1:
  version "5.0.1"
  resolved "https://registry.yarnpkg.com/fast-equals/-/fast-equals-5.0.1.tgz#a4eefe3c5d1c0d021aeed0bc10ba5e0c12ee405d"
  integrity sha512-WF1Wi8PwwSY7/6Kx0vKXtw8RwuSGoM1bvDaJbu7MxDlR1vovZjIAKrnzyrThgAjm6JDTu0fVgWXDlMGspodfoQ==

get-nonce@^1.0.0:
  version "1.0.1"
  resolved "https://registry.yarnpkg.com/get-nonce/-/get-nonce-1.0.1.tgz#fdf3f0278073820d2ce9426c18f07481b1e0cdf3"
  integrity sha512-FJhYRoDaiatfEkUK8HKlicmu/3SGFD51q3itKDGoSTysQJBnfOcxU5GxnhE1E6soB76MbT0MBtnKJuXyAx+96Q==

"internmap@1 - 2":
  version "2.0.3"
  resolved "https://registry.yarnpkg.com/internmap/-/internmap-2.0.3.tgz#6685f23755e43c524e251d29cbc97248e3061009"
  integrity sha512-5Hh7Y1wQbvY5ooGgPbDaL5iYLAPzMTUrjMulskHLH6wnv/A+1q5rgEaiuqEjB+oxGXIVZs1FF+R/KPN3ZSQYYg==

invariant@^2.2.4:
  version "2.2.4"
  resolved "https://registry.yarnpkg.com/invariant/-/invariant-2.2.4.tgz#610f3c92c9359ce1db616e538008d23ff35158e6"
  integrity sha512-phJfQVBuaJM5raOpJjSfkiD6BpbCE4Ns//LaXl6wGYtUBY83nWS6Rf9tXm2e8VaK60JEjYldbPif/A2B1C2gNA==
  dependencies:
    loose-envify "^1.0.0"

"js-tokens@^3.0.0 || ^4.0.0":
  version "4.0.0"
  resolved "https://registry.yarnpkg.com/js-tokens/-/js-tokens-4.0.0.tgz#19203fb59991df98e3a287050d4647cdeaf32499"
  integrity sha512-RdJUflcE3cUzKiMqQgsCu06FPu9UdIJO0beYbPhHN4k6apgJtifcoCtT9bcxOpYBtpD2kCM6Sbzg4CausW/PKQ==

klona@^2.0.6:
  version "2.0.6"
  resolved "https://registry.yarnpkg.com/klona/-/klona-2.0.6.tgz#85bffbf819c03b2f53270412420a4555ef882e22"
  integrity sha512-dhG34DXATL5hSxJbIexCft8FChFXtmskoZYnoPWjXQuebWYCNkVeV3KkGegCK9CP1oswI/vQibS2GY7Em/sJJA==

lodash@^4.17.21:
  version "4.17.21"
  resolved "https://registry.yarnpkg.com/lodash/-/lodash-4.17.21.tgz#679591c564c3bffaae8454cf0b3df370c3d6911c"
  integrity sha512-v2kDEe57lecTulaDIuNTPy3Ry4gLGJ6Z1O3vE1krgXZNrsQ+LFTGHVxVjcXPs17LhbZVGedAJv8XZ1tvj5FvSg==

loose-envify@^1.0.0, loose-envify@^1.1.0, loose-envify@^1.4.0:
  version "1.4.0"
  resolved "https://registry.yarnpkg.com/loose-envify/-/loose-envify-1.4.0.tgz#71ee51fa7be4caec1a63839f7e682d8132d30caf"
  integrity sha512-lyuxPGr/Wfhrlem2CL/UcnUc1zcqKAImBDzukY7Y5F/yQiNdko6+fRLevlw1HgMySw7f611UIY408EtxRSoK3Q==
  dependencies:
    js-tokens "^3.0.0 || ^4.0.0"

object-assign@^4.1.1:
  version "4.1.1"
  resolved "https://registry.yarnpkg.com/object-assign/-/object-assign-4.1.1.tgz#2109adc7965887cfc05cbbd442cac8bfbb360863"
  integrity sha512-rJgTQnkUnH1sFw8yT6VSU3zD3sWmu6sZhIseY8VX+GRu3P6F7Fu+JNDoXfklElbLJSnc3FUQHVe4cU5hj+BcUg==

prop-types@^15.6.2, prop-types@^15.7.2, prop-types@^15.8.1:
  version "15.8.1"
  resolved "https://registry.yarnpkg.com/prop-types/-/prop-types-15.8.1.tgz#67d87bf1a694f48435cf332c24af10214a3140b5"
  integrity sha512-oj87CgZICdulUohogVAR7AjlC0327U4el4L6eAvOqCeudMDVU0NThNaV+b9Df4dXgSP1gXMTnPdhfe/2qDH5cg==
  dependencies:
    loose-envify "^1.4.0"
    object-assign "^4.1.1"
    react-is "^16.13.1"

react-dom@^18.3.1:
  version "18.3.1"
  resolved "https://registry.yarnpkg.com/react-dom/-/react-dom-18.3.1.tgz#c2265d79511b57d479b3dd3fdfa51536494c5cb4"
  integrity sha512-5m4nQKp+rZRb09LNH59GM4BxTh9251/ylbKIbpe7TpGxfJ+9kv6BLkLBXIjjspbgbnIBNqlI23tRnTWT0snUIw==
  dependencies:
    loose-envify "^1.1.0"
    scheduler "^0.23.2"

react-dropzone-esm@15.0.1:
  version "15.0.1"
  resolved "https://registry.yarnpkg.com/react-dropzone-esm/-/react-dropzone-esm-15.0.1.tgz#8c689638aaa9feb5b2a429dd565acfa6792263e5"
  integrity sha512-RdeGpqwHnoV/IlDFpQji7t7pTtlC2O1i/Br0LWkRZ9hYtLyce814S71h5NolnCZXsIN5wrZId6+8eQj2EBnEzg==
  dependencies:
    prop-types "^15.8.1"

react-is@^16.10.2, react-is@^16.13.1:
  version "16.13.1"
  resolved "https://registry.yarnpkg.com/react-is/-/react-is-16.13.1.tgz#789729a4dc36de2999dc156dd6c1d9c18cea56a4"
  integrity sha512-24e6ynE2H+OKt4kqsOvNd8kBpV65zoxbA4BVsEOB3ARVWQki/DHzaUoC5KuON/BiccDaCCTZBuOcfZs70kR8bQ==

react-number-format@^5.3.1:
  version "5.4.0"
  resolved "https://registry.yarnpkg.com/react-number-format/-/react-number-format-5.4.0.tgz#8c1e97add1970d1a2f372ca286bcdaa49632ba5c"
  integrity sha512-NWdICrqLhI7rAS8yUeLVd6Wr4cN7UjJ9IBTS0f/a9i7UB4x4Ti70kGnksBtZ7o4Z7YRbvCMMR/jQmkoOBa/4fg==
  dependencies:
    prop-types "^15.7.2"

react-remove-scroll-bar@^2.3.6:
  version "2.3.6"
  resolved "https://registry.yarnpkg.com/react-remove-scroll-bar/-/react-remove-scroll-bar-2.3.6.tgz#3e585e9d163be84a010180b18721e851ac81a29c"
  integrity sha512-DtSYaao4mBmX+HDo5YWYdBWQwYIQQshUV/dVxFxK+KM26Wjwp1gZ6rv6OC3oujI6Bfu6Xyg3TwK533AQutsn/g==
  dependencies:
    react-style-singleton "^2.2.1"
    tslib "^2.0.0"

react-remove-scroll@^2.5.7:
  version "2.5.10"
  resolved "https://registry.yarnpkg.com/react-remove-scroll/-/react-remove-scroll-2.5.10.tgz#5fae456a23962af6d3c38ca1978bcfe0806c4061"
  integrity sha512-m3zvBRANPBw3qxVVjEIPEQinkcwlFZ4qyomuWVpNJdv4c6MvHfXV0C3L9Jx5rr3HeBHKNRX+1jreB5QloDIJjA==
  dependencies:
    react-remove-scroll-bar "^2.3.6"
    react-style-singleton "^2.2.1"
    tslib "^2.1.0"
    use-callback-ref "^1.3.0"
    use-sidecar "^1.1.2"

react-router-dom@^6.26.0:
  version "6.26.0"
  resolved "https://registry.yarnpkg.com/react-router-dom/-/react-router-dom-6.26.0.tgz#8debe13295c58605c04f93018d659a763245e58c"
  integrity sha512-RRGUIiDtLrkX3uYcFiCIxKFWMcWQGMojpYZfcstc63A1+sSnVgILGIm9gNUA6na3Fm1QuPGSBQH2EMbAZOnMsQ==
  dependencies:
    "@remix-run/router" "1.19.0"
    react-router "6.26.0"

react-router@6.26.0:
  version "6.26.0"
  resolved "https://registry.yarnpkg.com/react-router/-/react-router-6.26.0.tgz#d5af4c46835b202348ef2b7ddacd32a2db539fde"
  integrity sha512-wVQq0/iFYd3iZ9H2l3N3k4PL8EEHcb0XlU2Na8nEwmiXgIUElEH6gaJDtUQxJ+JFzmIXaQjfdpcGWaM6IoQGxg==
  dependencies:
    "@remix-run/router" "1.19.0"

react-smooth@^4.0.0:
  version "4.0.1"
  resolved "https://registry.yarnpkg.com/react-smooth/-/react-smooth-4.0.1.tgz#6200d8699bfe051ae40ba187988323b1449eab1a"
  integrity sha512-OE4hm7XqR0jNOq3Qmk9mFLyd6p2+j6bvbPJ7qlB7+oo0eNcL2l7WQzG6MBnT3EXY6xzkLMUBec3AfewJdA0J8w==
  dependencies:
    fast-equals "^5.0.1"
    prop-types "^15.8.1"
    react-transition-group "^4.4.5"

react-style-singleton@^2.2.1:
  version "2.2.1"
  resolved "https://registry.yarnpkg.com/react-style-singleton/-/react-style-singleton-2.2.1.tgz#f99e420492b2d8f34d38308ff660b60d0b1205b4"
  integrity sha512-ZWj0fHEMyWkHzKYUr2Bs/4zU6XLmq9HsgBURm7g5pAVfyn49DgUiNgY2d4lXRlYSiCif9YBGpQleewkcqddc7g==
  dependencies:
    get-nonce "^1.0.0"
    invariant "^2.2.4"
    tslib "^2.0.0"

react-textarea-autosize@8.5.3:
  version "8.5.3"
  resolved "https://registry.yarnpkg.com/react-textarea-autosize/-/react-textarea-autosize-8.5.3.tgz#d1e9fe760178413891484847d3378706052dd409"
  integrity sha512-XT1024o2pqCuZSuBt9FwHlaDeNtVrtCXu0Rnz88t1jUGheCLa3PhjE1GH8Ctm2axEtvdCl5SUHYschyQ0L5QHQ==
  dependencies:
    "@babel/runtime" "^7.20.13"
    use-composed-ref "^1.3.0"
    use-latest "^1.2.1"

react-transition-group@^4.4.5:
  version "4.4.5"
  resolved "https://registry.yarnpkg.com/react-transition-group/-/react-transition-group-4.4.5.tgz#e53d4e3f3344da8521489fbef8f2581d42becdd1"
  integrity sha512-pZcd1MCJoiKiBR2NRxeCRg13uCXbydPnmB4EOeRrY7480qNWO8IIgQG6zlDkm6uRMsURXPuKq0GWtiM59a5Q6g==
  dependencies:
    "@babel/runtime" "^7.5.5"
    dom-helpers "^5.0.1"
    loose-envify "^1.4.0"
    prop-types "^15.6.2"

react@^18.3.1:
  version "18.3.1"
  resolved "https://registry.yarnpkg.com/react/-/react-18.3.1.tgz#49ab892009c53933625bd16b2533fc754cab2891"
  integrity sha512-wS+hAgJShR0KhEvPJArfuPVN1+Hz1t0Y6n5jLrGQbkb4urgPE/0Rve+1kMB1v/oWgHgm4WIcV+i7F2pTVj+2iQ==
  dependencies:
    loose-envify "^1.1.0"

recharts-scale@^0.4.4:
  version "0.4.5"
  resolved "https://registry.yarnpkg.com/recharts-scale/-/recharts-scale-0.4.5.tgz#0969271f14e732e642fcc5bd4ab270d6e87dd1d9"
  integrity sha512-kivNFO+0OcUNu7jQquLXAxz1FIwZj8nrj+YkOKc5694NbjCvcT6aSZiIzNzd2Kul4o4rTto8QVR9lMNtxD4G1w==
  dependencies:
    decimal.js-light "^2.4.1"

recharts@2:
  version "2.12.7"
  resolved "https://registry.yarnpkg.com/recharts/-/recharts-2.12.7.tgz#c7f42f473a257ff88b43d88a92530930b5f9e773"
  integrity sha512-hlLJMhPQfv4/3NBSAyq3gzGg4h2v69RJh6KU7b3pXYNNAELs9kEoXOjbkxdXpALqKBoVmVptGfLpxdaVYqjmXQ==
  dependencies:
    clsx "^2.0.0"
    eventemitter3 "^4.0.1"
    lodash "^4.17.21"
    react-is "^16.10.2"
    react-smooth "^4.0.0"
    recharts-scale "^0.4.4"
    tiny-invariant "^1.3.1"
    victory-vendor "^36.6.8"

regenerator-runtime@^0.14.0:
  version "0.14.1"
  resolved "https://registry.yarnpkg.com/regenerator-runtime/-/regenerator-runtime-0.14.1.tgz#356ade10263f685dda125100cd862c1db895327f"
  integrity sha512-dYnhHh0nJoMfnkZs6GmmhFknAGRrLznOu5nc9ML+EJxGvrx6H7teuevqVqCuPcPK//3eDrrjQhehXVx9cnkGdw==

scheduler@^0.23.2:
  version "0.23.2"
  resolved "https://registry.yarnpkg.com/scheduler/-/scheduler-0.23.2.tgz#414ba64a3b282892e944cf2108ecc078d115cdc3"
  integrity sha512-UOShsPwz7NrMUqhR6t0hWjFduvOzbtv7toDH1/hIrfRNIDBnnBWd0CwJTGvTpngVlmwGCdP9/Zl/tVrDqcuYzQ==
  dependencies:
    loose-envify "^1.1.0"

tabbable@^6.0.0:
  version "6.2.0"
  resolved "https://registry.yarnpkg.com/tabbable/-/tabbable-6.2.0.tgz#732fb62bc0175cfcec257330be187dcfba1f3b97"
  integrity sha512-Cat63mxsVJlzYvN51JmVXIgNoUokrIaT2zLclCXjRd8boZ0004U4KCs/sToJ75C6sdlByWxpYnb5Boif1VSFew==

tiny-invariant@^1.3.1:
  version "1.3.3"
  resolved "https://registry.yarnpkg.com/tiny-invariant/-/tiny-invariant-1.3.3.tgz#46680b7a873a0d5d10005995eb90a70d74d60127"
  integrity sha512-+FbBPE1o9QAYvviau/qC5SE3caw21q3xkvWKBtja5vgqOWIHHJ3ioaq1VPfn/Szqctz2bU/oYeKd9/z5BL+PVg==

tslib@^2.0.0, tslib@^2.1.0:
  version "2.6.3"
  resolved "https://registry.yarnpkg.com/tslib/-/tslib-2.6.3.tgz#0438f810ad7a9edcde7a241c3d80db693c8cbfe0"
  integrity sha512-xNvxJEOUiWPGhUuUdQgAJPKOOJfGnIyKySOc09XkKsgdUV/3E2zvwZYdejjmRgPCgcym1juLH3226yA7sEFJKQ==

type-fest@^4.12.0:
  version "4.23.0"
  resolved "https://registry.yarnpkg.com/type-fest/-/type-fest-4.23.0.tgz#8196561a6b835175473be744f3e41e2dece1496b"
  integrity sha512-ZiBujro2ohr5+Z/hZWHESLz3g08BBdrdLMieYFULJO+tWc437sn8kQsWLJoZErY8alNhxre9K4p3GURAG11n+w==

use-callback-ref@^1.3.0:
  version "1.3.2"
  resolved "https://registry.yarnpkg.com/use-callback-ref/-/use-callback-ref-1.3.2.tgz#6134c7f6ff76e2be0b56c809b17a650c942b1693"
  integrity sha512-elOQwe6Q8gqZgDA8mrh44qRTQqpIHDcZ3hXTLjBe1i4ph8XpNJnO+aQf3NaG+lriLopI4HMx9VjQLfPQ6vhnoA==
  dependencies:
    tslib "^2.0.0"

use-composed-ref@^1.3.0:
  version "1.3.0"
  resolved "https://registry.yarnpkg.com/use-composed-ref/-/use-composed-ref-1.3.0.tgz#3d8104db34b7b264030a9d916c5e94fbe280dbda"
  integrity sha512-GLMG0Jc/jiKov/3Ulid1wbv3r54K9HlMW29IWcDFPEqFkSO2nS0MuefWgMJpeHQ9YJeXDL3ZUF+P3jdXlZX/cQ==

use-isomorphic-layout-effect@^1.1.1:
  version "1.1.2"
  resolved "https://registry.yarnpkg.com/use-isomorphic-layout-effect/-/use-isomorphic-layout-effect-1.1.2.tgz#497cefb13d863d687b08477d9e5a164ad8c1a6fb"
  integrity sha512-49L8yCO3iGT/ZF9QttjwLF/ZD9Iwto5LnH5LmEdk/6cFmXddqi2ulF0edxTwjj+7mqvpVVGQWvbXZdn32wRSHA==

use-latest@^1.2.1:
  version "1.2.1"
  resolved "https://registry.yarnpkg.com/use-latest/-/use-latest-1.2.1.tgz#d13dfb4b08c28e3e33991546a2cee53e14038cf2"
  integrity sha512-xA+AVm/Wlg3e2P/JiItTziwS7FK92LWrDB0p+hgXloIMuVCeJJ8v6f0eeHyPZaJrM+usM1FkFfbNCrJGs8A/zw==
  dependencies:
    use-isomorphic-layout-effect "^1.1.1"

use-sidecar@^1.1.2:
  version "1.1.2"
  resolved "https://registry.yarnpkg.com/use-sidecar/-/use-sidecar-1.1.2.tgz#2f43126ba2d7d7e117aa5855e5d8f0276dfe73c2"
  integrity sha512-epTbsLuzZ7lPClpz2TyryBfztm7m+28DlEv2ZCQ3MDr5ssiwyOwGH/e5F9CkfWjJ1t4clvI58yF822/GUkjjhw==
  dependencies:
    detect-node-es "^1.1.0"
    tslib "^2.0.0"

victory-vendor@^36.6.8:
  version "36.9.2"
  resolved "https://registry.yarnpkg.com/victory-vendor/-/victory-vendor-36.9.2.tgz#668b02a448fa4ea0f788dbf4228b7e64669ff801"
  integrity sha512-PnpQQMuxlwYdocC8fIJqVXvkeViHYzotI+NJrCuav0ZYFoq912ZHBk3mCeuj+5/VpodOjPe1z0Fk2ihgzlXqjQ==
  dependencies:
    "@types/d3-array" "^3.0.3"
    "@types/d3-ease" "^3.0.0"
    "@types/d3-interpolate" "^3.0.1"
    "@types/d3-scale" "^4.0.2"
    "@types/d3-shape" "^3.1.0"
    "@types/d3-time" "^3.0.0"
    "@types/d3-timer" "^3.0.0"
    d3-array "^3.1.6"
    d3-ease "^3.0.1"
    d3-interpolate "^3.0.1"
    d3-scale "^4.0.2"
    d3-shape "^3.1.0"
    d3-time "^3.0.0"
    d3-timer "^3.0.1"
